// !$*UTF8*$!
{
	archiveVersion = 1;
	classes = {
	};
	objectVersion = 55;
	objects = {

/* Begin PBXBuildFile section */
		037CB24C28E447B900172AF3 /* AppDelegate.swift in Sources */ = {isa = PBXBuildFile; fileRef = 037CB24B28E447B900172AF3 /* AppDelegate.swift */; };
		037CB24E28E447B900172AF3 /* SceneDelegate.swift in Sources */ = {isa = PBXBuildFile; fileRef = 037CB24D28E447B900172AF3 /* SceneDelegate.swift */; };
		037CB25028E447B900172AF3 /* HomeViewController.swift in Sources */ = {isa = PBXBuildFile; fileRef = 037CB24F28E447B900172AF3 /* HomeViewController.swift */; };
		037CB25328E447B900172AF3 /* Main.storyboard in Resources */ = {isa = PBXBuildFile; fileRef = 037CB25128E447B900172AF3 /* Main.storyboard */; };
		037CB25628E447B900172AF3 /* TraveLoop.xcdatamodeld in Sources */ = {isa = PBXBuildFile; fileRef = 037CB25428E447B900172AF3 /* TraveLoop.xcdatamodeld */; };
		037CB25828E447BE00172AF3 /* Assets.xcassets in Resources */ = {isa = PBXBuildFile; fileRef = 037CB25728E447BE00172AF3 /* Assets.xcassets */; };
		037CB25B28E447BE00172AF3 /* LaunchScreen.storyboard in Resources */ = {isa = PBXBuildFile; fileRef = 037CB25928E447BE00172AF3 /* LaunchScreen.storyboard */; };
		0389605328E4797B00A0CE2E /* ArticlesCollectionViewCell.swift in Sources */ = {isa = PBXBuildFile; fileRef = 0389605128E4797B00A0CE2E /* ArticlesCollectionViewCell.swift */; };
		0389605428E4797B00A0CE2E /* ArticlesCollectionViewCell.xib in Resources */ = {isa = PBXBuildFile; fileRef = 0389605228E4797B00A0CE2E /* ArticlesCollectionViewCell.xib */; };
		03CC6E4828E5879400D71133 /* ArticlesModel.swift in Sources */ = {isa = PBXBuildFile; fileRef = 03CC6E4728E5879400D71133 /* ArticlesModel.swift */; };
		03CC6E4A28E587F500D71133 /* ArticleEntity.swift in Sources */ = {isa = PBXBuildFile; fileRef = 03CC6E4928E587F500D71133 /* ArticleEntity.swift */; };
		03F957E228E57F1600F5A20A /* HomeViewModel.swift in Sources */ = {isa = PBXBuildFile; fileRef = 03F957E128E57F1600F5A20A /* HomeViewModel.swift */; };
/* End PBXBuildFile section */

/* Begin PBXFileReference section */
		037CB24828E447B900172AF3 /* TraveLoop.app */ = {isa = PBXFileReference; explicitFileType = wrapper.application; includeInIndex = 0; path = TraveLoop.app; sourceTree = BUILT_PRODUCTS_DIR; };
		037CB24B28E447B900172AF3 /* AppDelegate.swift */ = {isa = PBXFileReference; lastKnownFileType = sourcecode.swift; path = AppDelegate.swift; sourceTree = "<group>"; };
		037CB24D28E447B900172AF3 /* SceneDelegate.swift */ = {isa = PBXFileReference; lastKnownFileType = sourcecode.swift; path = SceneDelegate.swift; sourceTree = "<group>"; };
		037CB24F28E447B900172AF3 /* HomeViewController.swift */ = {isa = PBXFileReference; lastKnownFileType = sourcecode.swift; path = HomeViewController.swift; sourceTree = "<group>"; };
		037CB25228E447B900172AF3 /* Base */ = {isa = PBXFileReference; lastKnownFileType = file.storyboard; name = Base; path = Base.lproj/Main.storyboard; sourceTree = "<group>"; };
		037CB25528E447B900172AF3 /* TraveLoop.xcdatamodel */ = {isa = PBXFileReference; lastKnownFileType = wrapper.xcdatamodel; path = TraveLoop.xcdatamodel; sourceTree = "<group>"; };
		037CB25728E447BE00172AF3 /* Assets.xcassets */ = {isa = PBXFileReference; lastKnownFileType = folder.assetcatalog; path = Assets.xcassets; sourceTree = "<group>"; };
		037CB25A28E447BE00172AF3 /* Base */ = {isa = PBXFileReference; lastKnownFileType = file.storyboard; name = Base; path = Base.lproj/LaunchScreen.storyboard; sourceTree = "<group>"; };
		037CB25C28E447BE00172AF3 /* Info.plist */ = {isa = PBXFileReference; lastKnownFileType = text.plist.xml; path = Info.plist; sourceTree = "<group>"; };
		0389605128E4797B00A0CE2E /* ArticlesCollectionViewCell.swift */ = {isa = PBXFileReference; lastKnownFileType = sourcecode.swift; path = ArticlesCollectionViewCell.swift; sourceTree = "<group>"; };
		0389605228E4797B00A0CE2E /* ArticlesCollectionViewCell.xib */ = {isa = PBXFileReference; lastKnownFileType = file.xib; path = ArticlesCollectionViewCell.xib; sourceTree = "<group>"; };
		03CC6E4728E5879400D71133 /* ArticlesModel.swift */ = {isa = PBXFileReference; lastKnownFileType = sourcecode.swift; path = ArticlesModel.swift; sourceTree = "<group>"; };
		03CC6E4928E587F500D71133 /* ArticleEntity.swift */ = {isa = PBXFileReference; lastKnownFileType = sourcecode.swift; path = ArticleEntity.swift; sourceTree = "<group>"; };
		03F957E128E57F1600F5A20A /* HomeViewModel.swift */ = {isa = PBXFileReference; lastKnownFileType = sourcecode.swift; path = HomeViewModel.swift; sourceTree = "<group>"; };
/* End PBXFileReference section */

/* Begin PBXFrameworksBuildPhase section */
		037CB24528E447B900172AF3 /* Frameworks */ = {
			isa = PBXFrameworksBuildPhase;
			buildActionMask = 2147483647;
			files = (
			);
			runOnlyForDeploymentPostprocessing = 0;
		};
/* End PBXFrameworksBuildPhase section */

/* Begin PBXGroup section */
		030E42C328E45E6C00D155ED /* HomeModule */ = {
			isa = PBXGroup;
			children = (
				030E42C628E45EE200D155ED /* Model */,
				030E42C528E45EDC00D155ED /* View */,
				030E42C428E45ECE00D155ED /* VewModel */,
			);
			path = HomeModule;
			sourceTree = "<group>";
		};
		030E42C428E45ECE00D155ED /* VewModel */ = {
			isa = PBXGroup;
			children = (
				03F957E128E57F1600F5A20A /* HomeViewModel.swift */,
			);
			path = VewModel;
			sourceTree = "<group>";
		};
		030E42C528E45EDC00D155ED /* View */ = {
			isa = PBXGroup;
			children = (
				0389605028E4792300A0CE2E /* Cell */,
				037CB24F28E447B900172AF3 /* HomeViewController.swift */,
			);
			path = View;
			sourceTree = "<group>";
		};
		030E42C628E45EE200D155ED /* Model */ = {
			isa = PBXGroup;
			children = (
				03CC6E4728E5879400D71133 /* ArticlesModel.swift */,
				03CC6E4928E587F500D71133 /* ArticleEntity.swift */,
			);
			path = Model;
			sourceTree = "<group>";
		};
		0315B2FF28E449D100A0759B /* Resources */ = {
			isa = PBXGroup;
			children = (
				037CB25928E447BE00172AF3 /* LaunchScreen.storyboard */,
				037CB25728E447BE00172AF3 /* Assets.xcassets */,
			);
			path = Resources;
			sourceTree = "<group>";
		};
		0315B30028E449F500A0759B /* Helpers */ = {
			isa = PBXGroup;
			children = (
				037CB24D28E447B900172AF3 /* SceneDelegate.swift */,
				037CB24B28E447B900172AF3 /* AppDelegate.swift */,
			);
			path = Helpers;
			sourceTree = "<group>";
		};
		037CB23F28E447B900172AF3 = {
			isa = PBXGroup;
			children = (
				037CB24A28E447B900172AF3 /* TraveLoop */,
				037CB24928E447B900172AF3 /* Products */,
			);
			sourceTree = "<group>";
		};
		037CB24928E447B900172AF3 /* Products */ = {
			isa = PBXGroup;
			children = (
				037CB24828E447B900172AF3 /* TraveLoop.app */,
			);
			name = Products;
			sourceTree = "<group>";
		};
		037CB24A28E447B900172AF3 /* TraveLoop */ = {
			isa = PBXGroup;
			children = (
				030E42C328E45E6C00D155ED /* HomeModule */,
				0315B30028E449F500A0759B /* Helpers */,
				0315B2FF28E449D100A0759B /* Resources */,
				037CB25128E447B900172AF3 /* Main.storyboard */,
				037CB25428E447B900172AF3 /* TraveLoop.xcdatamodeld */,
				037CB25C28E447BE00172AF3 /* Info.plist */,
			);
			path = TraveLoop;
			sourceTree = "<group>";
		};
		0389605028E4792300A0CE2E /* Cell */ = {
			isa = PBXGroup;
			children = (
				0389605128E4797B00A0CE2E /* ArticlesCollectionViewCell.swift */,
				0389605228E4797B00A0CE2E /* ArticlesCollectionViewCell.xib */,
			);
			path = Cell;
			sourceTree = "<group>";
		};
/* End PBXGroup section */

/* Begin PBXNativeTarget section */
		037CB24728E447B900172AF3 /* TraveLoop */ = {
			isa = PBXNativeTarget;
			buildConfigurationList = 037CB25F28E447BE00172AF3 /* Build configuration list for PBXNativeTarget "TraveLoop" */;
			buildPhases = (
				037CB24428E447B900172AF3 /* Sources */,
				037CB24528E447B900172AF3 /* Frameworks */,
				037CB24628E447B900172AF3 /* Resources */,
			);
			buildRules = (
			);
			dependencies = (
			);
			name = TraveLoop;
			productName = TraveLoop;
			productReference = 037CB24828E447B900172AF3 /* TraveLoop.app */;
			productType = "com.apple.product-type.application";
		};
/* End PBXNativeTarget section */

/* Begin PBXProject section */
		037CB24028E447B900172AF3 /* Project object */ = {
			isa = PBXProject;
			attributes = {
				BuildIndependentTargetsInParallel = 1;
				KnownAssetTags = (
					Home,
				);
				LastSwiftUpdateCheck = 1340;
				LastUpgradeCheck = 1340;
				TargetAttributes = {
					037CB24728E447B900172AF3 = {
						CreatedOnToolsVersion = 13.4;
					};
				};
			};
			buildConfigurationList = 037CB24328E447B900172AF3 /* Build configuration list for PBXProject "TraveLoop" */;
			compatibilityVersion = "Xcode 13.0";
			developmentRegion = en;
			hasScannedForEncodings = 0;
			knownRegions = (
				en,
				Base,
			);
			mainGroup = 037CB23F28E447B900172AF3;
			productRefGroup = 037CB24928E447B900172AF3 /* Products */;
			projectDirPath = "";
			projectRoot = "";
			targets = (
				037CB24728E447B900172AF3 /* TraveLoop */,
			);
		};
/* End PBXProject section */

/* Begin PBXResourcesBuildPhase section */
		037CB24628E447B900172AF3 /* Resources */ = {
			isa = PBXResourcesBuildPhase;
			buildActionMask = 2147483647;
			files = (
				037CB25B28E447BE00172AF3 /* LaunchScreen.storyboard in Resources */,
				0389605428E4797B00A0CE2E /* ArticlesCollectionViewCell.xib in Resources */,
				037CB25828E447BE00172AF3 /* Assets.xcassets in Resources */,
				037CB25328E447B900172AF3 /* Main.storyboard in Resources */,
			);
			runOnlyForDeploymentPostprocessing = 0;
		};
/* End PBXResourcesBuildPhase section */

/* Begin PBXSourcesBuildPhase section */
		037CB24428E447B900172AF3 /* Sources */ = {
			isa = PBXSourcesBuildPhase;
			buildActionMask = 2147483647;
			files = (
				037CB25028E447B900172AF3 /* HomeViewController.swift in Sources */,
				03CC6E4828E5879400D71133 /* ArticlesModel.swift in Sources */,
				03F957E228E57F1600F5A20A /* HomeViewModel.swift in Sources */,
				037CB24C28E447B900172AF3 /* AppDelegate.swift in Sources */,
				0389605328E4797B00A0CE2E /* ArticlesCollectionViewCell.swift in Sources */,
				037CB25628E447B900172AF3 /* TraveLoop.xcdatamodeld in Sources */,
				037CB24E28E447B900172AF3 /* SceneDelegate.swift in Sources */,
				03CC6E4A28E587F500D71133 /* ArticleEntity.swift in Sources */,
			);
			runOnlyForDeploymentPostprocessing = 0;
		};
/* End PBXSourcesBuildPhase section */

/* Begin PBXVariantGroup section */
		037CB25128E447B900172AF3 /* Main.storyboard */ = {
			isa = PBXVariantGroup;
			children = (
				037CB25228E447B900172AF3 /* Base */,
			);
			name = Main.storyboard;
			sourceTree = "<group>";
		};
		037CB25928E447BE00172AF3 /* LaunchScreen.storyboard */ = {
			isa = PBXVariantGroup;
			children = (
				037CB25A28E447BE00172AF3 /* Base */,
			);
			name = LaunchScreen.storyboard;
			sourceTree = "<group>";
		};
/* End PBXVariantGroup section */

/* Begin XCBuildConfiguration section */
		037CB25D28E447BE00172AF3 /* Debug */ = {
			isa = XCBuildConfiguration;
			buildSettings = {
				ALWAYS_SEARCH_USER_PATHS = NO;
				CLANG_ANALYZER_NONNULL = YES;
				CLANG_ANALYZER_NUMBER_OBJECT_CONVERSION = YES_AGGRESSIVE;
				CLANG_CXX_LANGUAGE_STANDARD = "gnu++17";
				CLANG_ENABLE_MODULES = YES;
				CLANG_ENABLE_OBJC_ARC = YES;
				CLANG_ENABLE_OBJC_WEAK = YES;
				CLANG_WARN_BLOCK_CAPTURE_AUTORELEASING = YES;
				CLANG_WARN_BOOL_CONVERSION = YES;
				CLANG_WARN_COMMA = YES;
				CLANG_WARN_CONSTANT_CONVERSION = YES;
				CLANG_WARN_DEPRECATED_OBJC_IMPLEMENTATIONS = YES;
				CLANG_WARN_DIRECT_OBJC_ISA_USAGE = YES_ERROR;
				CLANG_WARN_DOCUMENTATION_COMMENTS = YES;
				CLANG_WARN_EMPTY_BODY = YES;
				CLANG_WARN_ENUM_CONVERSION = YES;
				CLANG_WARN_INFINITE_RECURSION = YES;
				CLANG_WARN_INT_CONVERSION = YES;
				CLANG_WARN_NON_LITERAL_NULL_CONVERSION = YES;
				CLANG_WARN_OBJC_IMPLICIT_RETAIN_SELF = YES;
				CLANG_WARN_OBJC_LITERAL_CONVERSION = YES;
				CLANG_WARN_OBJC_ROOT_CLASS = YES_ERROR;
				CLANG_WARN_QUOTED_INCLUDE_IN_FRAMEWORK_HEADER = YES;
				CLANG_WARN_RANGE_LOOP_ANALYSIS = YES;
				CLANG_WARN_STRICT_PROTOTYPES = YES;
				CLANG_WARN_SUSPICIOUS_MOVE = YES;
				CLANG_WARN_UNGUARDED_AVAILABILITY = YES_AGGRESSIVE;
				CLANG_WARN_UNREACHABLE_CODE = YES;
				CLANG_WARN__DUPLICATE_METHOD_MATCH = YES;
				COPY_PHASE_STRIP = NO;
				DEBUG_INFORMATION_FORMAT = dwarf;
				ENABLE_STRICT_OBJC_MSGSEND = YES;
				ENABLE_TESTABILITY = YES;
				GCC_C_LANGUAGE_STANDARD = gnu11;
				GCC_DYNAMIC_NO_PIC = NO;
				GCC_NO_COMMON_BLOCKS = YES;
				GCC_OPTIMIZATION_LEVEL = 0;
				GCC_PREPROCESSOR_DEFINITIONS = (
					"DEBUG=1",
					"$(inherited)",
				);
				GCC_WARN_64_TO_32_BIT_CONVERSION = YES;
				GCC_WARN_ABOUT_RETURN_TYPE = YES_ERROR;
				GCC_WARN_UNDECLARED_SELECTOR = YES;
				GCC_WARN_UNINITIALIZED_AUTOS = YES_AGGRESSIVE;
				GCC_WARN_UNUSED_FUNCTION = YES;
				GCC_WARN_UNUSED_VARIABLE = YES;
				IPHONEOS_DEPLOYMENT_TARGET = 15.5;
				MTL_ENABLE_DEBUG_INFO = INCLUDE_SOURCE;
				MTL_FAST_MATH = YES;
				ONLY_ACTIVE_ARCH = YES;
				SDKROOT = iphoneos;
				SWIFT_ACTIVE_COMPILATION_CONDITIONS = DEBUG;
				SWIFT_OPTIMIZATION_LEVEL = "-Onone";
			};
			name = Debug;
		};
		037CB25E28E447BE00172AF3 /* Release */ = {
			isa = XCBuildConfiguration;
			buildSettings = {
				ALWAYS_SEARCH_USER_PATHS = NO;
				CLANG_ANALYZER_NONNULL = YES;
				CLANG_ANALYZER_NUMBER_OBJECT_CONVERSION = YES_AGGRESSIVE;
				CLANG_CXX_LANGUAGE_STANDARD = "gnu++17";
				CLANG_ENABLE_MODULES = YES;
				CLANG_ENABLE_OBJC_ARC = YES;
				CLANG_ENABLE_OBJC_WEAK = YES;
				CLANG_WARN_BLOCK_CAPTURE_AUTORELEASING = YES;
				CLANG_WARN_BOOL_CONVERSION = YES;
				CLANG_WARN_COMMA = YES;
				CLANG_WARN_CONSTANT_CONVERSION = YES;
				CLANG_WARN_DEPRECATED_OBJC_IMPLEMENTATIONS = YES;
				CLANG_WARN_DIRECT_OBJC_ISA_USAGE = YES_ERROR;
				CLANG_WARN_DOCUMENTATION_COMMENTS = YES;
				CLANG_WARN_EMPTY_BODY = YES;
				CLANG_WARN_ENUM_CONVERSION = YES;
				CLANG_WARN_INFINITE_RECURSION = YES;
				CLANG_WARN_INT_CONVERSION = YES;
				CLANG_WARN_NON_LITERAL_NULL_CONVERSION = YES;
				CLANG_WARN_OBJC_IMPLICIT_RETAIN_SELF = YES;
				CLANG_WARN_OBJC_LITERAL_CONVERSION = YES;
				CLANG_WARN_OBJC_ROOT_CLASS = YES_ERROR;
				CLANG_WARN_QUOTED_INCLUDE_IN_FRAMEWORK_HEADER = YES;
				CLANG_WARN_RANGE_LOOP_ANALYSIS = YES;
				CLANG_WARN_STRICT_PROTOTYPES = YES;
				CLANG_WARN_SUSPICIOUS_MOVE = YES;
				CLANG_WARN_UNGUARDED_AVAILABILITY = YES_AGGRESSIVE;
				CLANG_WARN_UNREACHABLE_CODE = YES;
				CLANG_WARN__DUPLICATE_METHOD_MATCH = YES;
				COPY_PHASE_STRIP = NO;
				DEBUG_INFORMATION_FORMAT = "dwarf-with-dsym";
				ENABLE_NS_ASSERTIONS = NO;
				ENABLE_STRICT_OBJC_MSGSEND = YES;
				GCC_C_LANGUAGE_STANDARD = gnu11;
				GCC_NO_COMMON_BLOCKS = YES;
				GCC_WARN_64_TO_32_BIT_CONVERSION = YES;
				GCC_WARN_ABOUT_RETURN_TYPE = YES_ERROR;
				GCC_WARN_UNDECLARED_SELECTOR = YES;
				GCC_WARN_UNINITIALIZED_AUTOS = YES_AGGRESSIVE;
				GCC_WARN_UNUSED_FUNCTION = YES;
				GCC_WARN_UNUSED_VARIABLE = YES;
				IPHONEOS_DEPLOYMENT_TARGET = 15.5;
				MTL_ENABLE_DEBUG_INFO = NO;
				MTL_FAST_MATH = YES;
				SDKROOT = iphoneos;
				SWIFT_COMPILATION_MODE = wholemodule;
				SWIFT_OPTIMIZATION_LEVEL = "-O";
				VALIDATE_PRODUCT = YES;
			};
			name = Release;
		};
		037CB26028E447BE00172AF3 /* Debug */ = {
			isa = XCBuildConfiguration;
			buildSettings = {
				ASSETCATALOG_COMPILER_APPICON_NAME = AppIcon;
				ASSETCATALOG_COMPILER_GLOBAL_ACCENT_COLOR_NAME = AccentColor;
				CODE_SIGN_STYLE = Automatic;
				CURRENT_PROJECT_VERSION = 1;
				DEVELOPMENT_TEAM = A3LU4KVXCV;
				GENERATE_INFOPLIST_FILE = YES;
				INFOPLIST_FILE = TraveLoop/Info.plist;
				INFOPLIST_KEY_UIApplicationSupportsIndirectInputEvents = YES;
				INFOPLIST_KEY_UILaunchStoryboardName = LaunchScreen;
				INFOPLIST_KEY_UIMainStoryboardFile = Main;
				INFOPLIST_KEY_UISupportedInterfaceOrientations = UIInterfaceOrientationPortrait;
				INFOPLIST_KEY_UISupportedInterfaceOrientations_iPad = "UIInterfaceOrientationPortrait UIInterfaceOrientationPortraitUpsideDown UIInterfaceOrientationLandscapeLeft UIInterfaceOrientationLandscapeRight";
				INFOPLIST_KEY_UISupportedInterfaceOrientations_iPhone = "UIInterfaceOrientationPortrait UIInterfaceOrientationLandscapeLeft UIInterfaceOrientationLandscapeRight";
				LD_RUNPATH_SEARCH_PATHS = (
					"$(inherited)",
					"@executable_path/Frameworks",
				);
				MARKETING_VERSION = 1.0;
				PRODUCT_BUNDLE_IDENTIFIER = com.ayberkmogol.TraveLoop;
				PRODUCT_NAME = "$(TARGET_NAME)";
				SWIFT_EMIT_LOC_STRINGS = YES;
				SWIFT_VERSION = 5.0;
				TARGETED_DEVICE_FAMILY = "1,2";
			};
			name = Debug;
		};
		037CB26128E447BE00172AF3 /* Release */ = {
			isa = XCBuildConfiguration;
			buildSettings = {
				ASSETCATALOG_COMPILER_APPICON_NAME = AppIcon;
				ASSETCATALOG_COMPILER_GLOBAL_ACCENT_COLOR_NAME = AccentColor;
				CODE_SIGN_STYLE = Automatic;
				CURRENT_PROJECT_VERSION = 1;
				DEVELOPMENT_TEAM = A3LU4KVXCV;
				GENERATE_INFOPLIST_FILE = YES;
				INFOPLIST_FILE = TraveLoop/Info.plist;
				INFOPLIST_KEY_UIApplicationSupportsIndirectInputEvents = YES;
				INFOPLIST_KEY_UILaunchStoryboardName = LaunchScreen;
				INFOPLIST_KEY_UIMainStoryboardFile = Main;
				INFOPLIST_KEY_UISupportedInterfaceOrientations = UIInterfaceOrientationPortrait;
				INFOPLIST_KEY_UISupportedInterfaceOrientations_iPad = "UIInterfaceOrientationPortrait UIInterfaceOrientationPortraitUpsideDown UIInterfaceOrientationLandscapeLeft UIInterfaceOrientationLandscapeRight";
				INFOPLIST_KEY_UISupportedInterfaceOrientations_iPhone = "UIInterfaceOrientationPortrait UIInterfaceOrientationLandscapeLeft UIInterfaceOrientationLandscapeRight";
				LD_RUNPATH_SEARCH_PATHS = (
					"$(inherited)",
					"@executable_path/Frameworks",
				);
				MARKETING_VERSION = 1.0;
				PRODUCT_BUNDLE_IDENTIFIER = com.ayberkmogol.TraveLoop;
				PRODUCT_NAME = "$(TARGET_NAME)";
				SWIFT_EMIT_LOC_STRINGS = YES;
				SWIFT_VERSION = 5.0;
				TARGETED_DEVICE_FAMILY = "1,2";
			};
			name = Release;
		};
/* End XCBuildConfiguration section */

/* Begin XCConfigurationList section */
		037CB24328E447B900172AF3 /* Build configuration list for PBXProject "TraveLoop" */ = {
			isa = XCConfigurationList;
			buildConfigurations = (
				037CB25D28E447BE00172AF3 /* Debug */,
				037CB25E28E447BE00172AF3 /* Release */,
			);
			defaultConfigurationIsVisible = 0;
			defaultConfigurationName = Release;
		};
		037CB25F28E447BE00172AF3 /* Build configuration list for PBXNativeTarget "TraveLoop" */ = {
			isa = XCConfigurationList;
			buildConfigurations = (
				037CB26028E447BE00172AF3 /* Debug */,
				037CB26128E447BE00172AF3 /* Release */,
			);
			defaultConfigurationIsVisible = 0;
			defaultConfigurationName = Release;
		};
/* End XCConfigurationList section */

/* Begin XCVersionGroup section */
		037CB25428E447B900172AF3 /* TraveLoop.xcdatamodeld */ = {
			isa = XCVersionGroup;
			children = (
				037CB25528E447B900172AF3 /* TraveLoop.xcdatamodel */,
			);
			currentVersion = 037CB25528E447B900172AF3 /* TraveLoop.xcdatamodel */;
			path = TraveLoop.xcdatamodeld;
			sourceTree = "<group>";
			versionGroupType = wrapper.xcdatamodel;
		};
/* End XCVersionGroup section */
	};
	rootObject = 037CB24028E447B900172AF3 /* Project object */;
}
